// !$*UTF8*$!
{
	archiveVersion = 1;
	classes = {
	};
	objectVersion = 50;
	objects = {

/* Begin PBXBuildFile section */
		1817494E20E47E440056D7DA /* LPAppDelegate.swift in Sources */ = {isa = PBXBuildFile; fileRef = 1817494D20E47E440056D7DA /* LPAppDelegate.swift */; };
		1817495320E47E440056D7DA /* LPMain.storyboard in Resources */ = {isa = PBXBuildFile; fileRef = 1817495120E47E440056D7DA /* LPMain.storyboard */; };
		1817495520E47E450056D7DA /* Assets.xcassets in Resources */ = {isa = PBXBuildFile; fileRef = 1817495420E47E450056D7DA /* Assets.xcassets */; };
		1817495820E47E450056D7DA /* LaunchScreen.storyboard in Resources */ = {isa = PBXBuildFile; fileRef = 1817495620E47E450056D7DA /* LaunchScreen.storyboard */; };
		1827E69B20E4E05600C89D11 /* LPRootViewController.swift in Sources */ = {isa = PBXBuildFile; fileRef = 1827E69A20E4E05600C89D11 /* LPRootViewController.swift */; };
		1861E94920E9D2A800C65168 /* LPRootSelectedPhotosView.swift in Sources */ = {isa = PBXBuildFile; fileRef = 1861E94820E9D2A800C65168 /* LPRootSelectedPhotosView.swift */; };
		1861E94C20E9D46900C65168 /* LPRootSelectedPhotoCell.swift in Sources */ = {isa = PBXBuildFile; fileRef = 1861E94A20E9D46900C65168 /* LPRootSelectedPhotoCell.swift */; };
		1861E94D20E9D46900C65168 /* LPRootSelectedPhotoCell.xib in Resources */ = {isa = PBXBuildFile; fileRef = 1861E94B20E9D46900C65168 /* LPRootSelectedPhotoCell.xib */; };
		1861E95820EA002F00C65168 /* LPPhotoPickerController.framework in Frameworks */ = {isa = PBXBuildFile; fileRef = 1861E95720EA002F00C65168 /* LPPhotoPickerController.framework */; };
		1861E95920EA002F00C65168 /* LPPhotoPickerController.framework in Embed Frameworks */ = {isa = PBXBuildFile; fileRef = 1861E95720EA002F00C65168 /* LPPhotoPickerController.framework */; settings = {ATTRIBUTES = (CodeSignOnCopy, RemoveHeadersOnCopy, ); }; };
		18DDDC8620E4E72900AA8E45 /* LPRootCell.swift in Sources */ = {isa = PBXBuildFile; fileRef = 18DDDC8520E4E72900AA8E45 /* LPRootCell.swift */; };
		18DDDC8C20E4E89100AA8E45 /* LPRootModel.swift in Sources */ = {isa = PBXBuildFile; fileRef = 18DDDC8B20E4E89100AA8E45 /* LPRootModel.swift */; };
		18DDDC8E20E4E94700AA8E45 /* LPRootViewModel.swift in Sources */ = {isa = PBXBuildFile; fileRef = 18DDDC8D20E4E94700AA8E45 /* LPRootViewModel.swift */; };
/* End PBXBuildFile section */

/* Begin PBXCopyFilesBuildPhase section */
		1861E95420E9FF5200C65168 /* Embed Frameworks */ = {
			isa = PBXCopyFilesBuildPhase;
			buildActionMask = 2147483647;
			dstPath = "";
			dstSubfolderSpec = 10;
			files = (
				1861E95920EA002F00C65168 /* LPPhotoPickerController.framework in Embed Frameworks */,
			);
			name = "Embed Frameworks";
			runOnlyForDeploymentPostprocessing = 0;
		};
/* End PBXCopyFilesBuildPhase section */

/* Begin PBXFileReference section */
		1817494A20E47E440056D7DA /* LPPhotoPickerControllerDemo.app */ = {isa = PBXFileReference; explicitFileType = wrapper.application; includeInIndex = 0; path = LPPhotoPickerControllerDemo.app; sourceTree = BUILT_PRODUCTS_DIR; };
		1817494D20E47E440056D7DA /* LPAppDelegate.swift */ = {isa = PBXFileReference; lastKnownFileType = sourcecode.swift; path = LPAppDelegate.swift; sourceTree = "<group>"; };
		1817495220E47E440056D7DA /* Base */ = {isa = PBXFileReference; lastKnownFileType = file.storyboard; name = Base; path = Base.lproj/LPMain.storyboard; sourceTree = "<group>"; };
		1817495420E47E450056D7DA /* Assets.xcassets */ = {isa = PBXFileReference; lastKnownFileType = folder.assetcatalog; path = Assets.xcassets; sourceTree = "<group>"; };
		1817495720E47E450056D7DA /* Base */ = {isa = PBXFileReference; lastKnownFileType = file.storyboard; name = Base; path = Base.lproj/LaunchScreen.storyboard; sourceTree = "<group>"; };
		1817495920E47E450056D7DA /* Info.plist */ = {isa = PBXFileReference; lastKnownFileType = text.plist.xml; path = Info.plist; sourceTree = "<group>"; };
		1827E69A20E4E05600C89D11 /* LPRootViewController.swift */ = {isa = PBXFileReference; lastKnownFileType = sourcecode.swift; path = LPRootViewController.swift; sourceTree = "<group>"; };
		1861E94820E9D2A800C65168 /* LPRootSelectedPhotosView.swift */ = {isa = PBXFileReference; lastKnownFileType = sourcecode.swift; path = LPRootSelectedPhotosView.swift; sourceTree = "<group>"; };
		1861E94A20E9D46900C65168 /* LPRootSelectedPhotoCell.swift */ = {isa = PBXFileReference; lastKnownFileType = sourcecode.swift; path = LPRootSelectedPhotoCell.swift; sourceTree = "<group>"; };
		1861E94B20E9D46900C65168 /* LPRootSelectedPhotoCell.xib */ = {isa = PBXFileReference; lastKnownFileType = file.xib; path = LPRootSelectedPhotoCell.xib; sourceTree = "<group>"; };
		1861E95720EA002F00C65168 /* LPPhotoPickerController.framework */ = {isa = PBXFileReference; explicitFileType = wrapper.framework; path = LPPhotoPickerController.framework; sourceTree = BUILT_PRODUCTS_DIR; };
		18DDDC8520E4E72900AA8E45 /* LPRootCell.swift */ = {isa = PBXFileReference; lastKnownFileType = sourcecode.swift; path = LPRootCell.swift; sourceTree = "<group>"; };
		18DDDC8B20E4E89100AA8E45 /* LPRootModel.swift */ = {isa = PBXFileReference; lastKnownFileType = sourcecode.swift; path = LPRootModel.swift; sourceTree = "<group>"; };
		18DDDC8D20E4E94700AA8E45 /* LPRootViewModel.swift */ = {isa = PBXFileReference; lastKnownFileType = sourcecode.swift; path = LPRootViewModel.swift; sourceTree = "<group>"; };
/* End PBXFileReference section */

/* Begin PBXFrameworksBuildPhase section */
		1817494720E47E440056D7DA /* Frameworks */ = {
			isa = PBXFrameworksBuildPhase;
			buildActionMask = 2147483647;
			files = (
				1861E95820EA002F00C65168 /* LPPhotoPickerController.framework in Frameworks */,
			);
			runOnlyForDeploymentPostprocessing = 0;
		};
/* End PBXFrameworksBuildPhase section */

/* Begin PBXGroup section */
		1817494120E47E440056D7DA = {
			isa = PBXGroup;
			children = (
				1861E95720EA002F00C65168 /* LPPhotoPickerController.framework */,
				1817494C20E47E440056D7DA /* LPPhotoPickerControllerDemo */,
				1817494B20E47E440056D7DA /* Products */,
			);
			sourceTree = "<group>";
		};
		1817494B20E47E440056D7DA /* Products */ = {
			isa = PBXGroup;
			children = (
				1817494A20E47E440056D7DA /* LPPhotoPickerControllerDemo.app */,
			);
			name = Products;
			sourceTree = "<group>";
		};
		1817494C20E47E440056D7DA /* LPPhotoPickerControllerDemo */ = {
			isa = PBXGroup;
			children = (
				1817494D20E47E440056D7DA /* LPAppDelegate.swift */,
				1827E69A20E4E05600C89D11 /* LPRootViewController.swift */,
				18DDDC8520E4E72900AA8E45 /* LPRootCell.swift */,
				18DDDC8D20E4E94700AA8E45 /* LPRootViewModel.swift */,
				18DDDC8B20E4E89100AA8E45 /* LPRootModel.swift */,
				1861E94820E9D2A800C65168 /* LPRootSelectedPhotosView.swift */,
				1861E94A20E9D46900C65168 /* LPRootSelectedPhotoCell.swift */,
				1861E94B20E9D46900C65168 /* LPRootSelectedPhotoCell.xib */,
				1817495120E47E440056D7DA /* LPMain.storyboard */,
				1817495420E47E450056D7DA /* Assets.xcassets */,
				1817495620E47E450056D7DA /* LaunchScreen.storyboard */,
				1817495920E47E450056D7DA /* Info.plist */,
			);
			path = LPPhotoPickerControllerDemo;
			sourceTree = "<group>";
		};
/* End PBXGroup section */

/* Begin PBXNativeTarget section */
		1817494920E47E440056D7DA /* LPPhotoPickerControllerDemo */ = {
			isa = PBXNativeTarget;
			buildConfigurationList = 1817495C20E47E450056D7DA /* Build configuration list for PBXNativeTarget "LPPhotoPickerControllerDemo" */;
			buildPhases = (
				1817494620E47E440056D7DA /* Sources */,
				1817494720E47E440056D7DA /* Frameworks */,
				1817494820E47E440056D7DA /* Resources */,
				1861E95420E9FF5200C65168 /* Embed Frameworks */,
			);
			buildRules = (
			);
			dependencies = (
			);
			name = LPPhotoPickerControllerDemo;
			productName = LPPhotoPickerControllerDemo;
			productReference = 1817494A20E47E440056D7DA /* LPPhotoPickerControllerDemo.app */;
			productType = "com.apple.product-type.application";
		};
/* End PBXNativeTarget section */

/* Begin PBXProject section */
		1817494220E47E440056D7DA /* Project object */ = {
			isa = PBXProject;
			attributes = {
				LastSwiftUpdateCheck = 0940;
				LastUpgradeCheck = 0940;
				ORGANIZATIONNAME = pengli;
				TargetAttributes = {
					1817494920E47E440056D7DA = {
						CreatedOnToolsVersion = 9.4.1;
					};
				};
			};
			buildConfigurationList = 1817494520E47E440056D7DA /* Build configuration list for PBXProject "LPPhotoPickerControllerDemo" */;
			compatibilityVersion = "Xcode 9.3";
			developmentRegion = en;
			hasScannedForEncodings = 0;
			knownRegions = (
				en,
				Base,
			);
			mainGroup = 1817494120E47E440056D7DA;
			productRefGroup = 1817494B20E47E440056D7DA /* Products */;
			projectDirPath = "";
			projectRoot = "";
			targets = (
				1817494920E47E440056D7DA /* LPPhotoPickerControllerDemo */,
			);
		};
/* End PBXProject section */

/* Begin PBXResourcesBuildPhase section */
		1817494820E47E440056D7DA /* Resources */ = {
			isa = PBXResourcesBuildPhase;
			buildActionMask = 2147483647;
			files = (
				1817495820E47E450056D7DA /* LaunchScreen.storyboard in Resources */,
				1817495520E47E450056D7DA /* Assets.xcassets in Resources */,
				1817495320E47E440056D7DA /* LPMain.storyboard in Resources */,
				1861E94D20E9D46900C65168 /* LPRootSelectedPhotoCell.xib in Resources */,
			);
			runOnlyForDeploymentPostprocessing = 0;
		};
/* End PBXResourcesBuildPhase section */

/* Begin PBXSourcesBuildPhase section */
		1817494620E47E440056D7DA /* Sources */ = {
			isa = PBXSourcesBuildPhase;
			buildActionMask = 2147483647;
			files = (
				18DDDC8E20E4E94700AA8E45 /* LPRootViewModel.swift in Sources */,
				1817494E20E47E440056D7DA /* LPAppDelegate.swift in Sources */,
				1861E94C20E9D46900C65168 /* LPRootSelectedPhotoCell.swift in Sources */,
				1861E94920E9D2A800C65168 /* LPRootSelectedPhotosView.swift in Sources */,
				1827E69B20E4E05600C89D11 /* LPRootViewController.swift in Sources */,
				18DDDC8C20E4E89100AA8E45 /* LPRootModel.swift in Sources */,
				18DDDC8620E4E72900AA8E45 /* LPRootCell.swift in Sources */,
			);
			runOnlyForDeploymentPostprocessing = 0;
		};
/* End PBXSourcesBuildPhase section */

/* Begin PBXVariantGroup section */
		1817495120E47E440056D7DA /* LPMain.storyboard */ = {
			isa = PBXVariantGroup;
			children = (
				1817495220E47E440056D7DA /* Base */,
			);
			name = LPMain.storyboard;
			sourceTree = "<group>";
		};
		1817495620E47E450056D7DA /* LaunchScreen.storyboard */ = {
			isa = PBXVariantGroup;
			children = (
				1817495720E47E450056D7DA /* Base */,
			);
			name = LaunchScreen.storyboard;
			sourceTree = "<group>";
		};
/* End PBXVariantGroup section */

/* Begin XCBuildConfiguration section */
		1817495A20E47E450056D7DA /* Debug */ = {
			isa = XCBuildConfiguration;
			buildSettings = {
				ALWAYS_SEARCH_USER_PATHS = NO;
				CLANG_ANALYZER_NONNULL = YES;
				CLANG_ANALYZER_NUMBER_OBJECT_CONVERSION = YES_AGGRESSIVE;
				CLANG_CXX_LANGUAGE_STANDARD = "gnu++14";
				CLANG_CXX_LIBRARY = "libc++";
				CLANG_ENABLE_MODULES = YES;
				CLANG_ENABLE_OBJC_ARC = YES;
				CLANG_ENABLE_OBJC_WEAK = YES;
				CLANG_WARN_BLOCK_CAPTURE_AUTORELEASING = YES;
				CLANG_WARN_BOOL_CONVERSION = YES;
				CLANG_WARN_COMMA = YES;
				CLANG_WARN_CONSTANT_CONVERSION = YES;
				CLANG_WARN_DEPRECATED_OBJC_IMPLEMENTATIONS = YES;
				CLANG_WARN_DIRECT_OBJC_ISA_USAGE = YES_ERROR;
				CLANG_WARN_DOCUMENTATION_COMMENTS = YES;
				CLANG_WARN_EMPTY_BODY = YES;
				CLANG_WARN_ENUM_CONVERSION = YES;
				CLANG_WARN_INFINITE_RECURSION = YES;
				CLANG_WARN_INT_CONVERSION = YES;
				CLANG_WARN_NON_LITERAL_NULL_CONVERSION = YES;
				CLANG_WARN_OBJC_IMPLICIT_RETAIN_SELF = YES;
				CLANG_WARN_OBJC_LITERAL_CONVERSION = YES;
				CLANG_WARN_OBJC_ROOT_CLASS = YES_ERROR;
				CLANG_WARN_RANGE_LOOP_ANALYSIS = YES;
				CLANG_WARN_STRICT_PROTOTYPES = YES;
				CLANG_WARN_SUSPICIOUS_MOVE = YES;
				CLANG_WARN_UNGUARDED_AVAILABILITY = YES_AGGRESSIVE;
				CLANG_WARN_UNREACHABLE_CODE = YES;
				CLANG_WARN__DUPLICATE_METHOD_MATCH = YES;
				CODE_SIGN_IDENTITY = "iPhone Developer";
				COPY_PHASE_STRIP = NO;
				DEBUG_INFORMATION_FORMAT = dwarf;
				ENABLE_STRICT_OBJC_MSGSEND = YES;
				ENABLE_TESTABILITY = YES;
				GCC_C_LANGUAGE_STANDARD = gnu11;
				GCC_DYNAMIC_NO_PIC = NO;
				GCC_NO_COMMON_BLOCKS = YES;
				GCC_OPTIMIZATION_LEVEL = 0;
				GCC_PREPROCESSOR_DEFINITIONS = (
					"DEBUG=1",
					"$(inherited)",
				);
				GCC_WARN_64_TO_32_BIT_CONVERSION = YES;
				GCC_WARN_ABOUT_RETURN_TYPE = YES_ERROR;
				GCC_WARN_UNDECLARED_SELECTOR = YES;
				GCC_WARN_UNINITIALIZED_AUTOS = YES_AGGRESSIVE;
				GCC_WARN_UNUSED_FUNCTION = YES;
				GCC_WARN_UNUSED_VARIABLE = YES;
				IPHONEOS_DEPLOYMENT_TARGET = 9.0;
				MTL_ENABLE_DEBUG_INFO = YES;
				ONLY_ACTIVE_ARCH = YES;
				SDKROOT = iphoneos;
				SWIFT_ACTIVE_COMPILATION_CONDITIONS = DEBUG;
				SWIFT_OPTIMIZATION_LEVEL = "-Onone";
			};
			name = Debug;
		};
		1817495B20E47E450056D7DA /* Release */ = {
			isa = XCBuildConfiguration;
			buildSettings = {
				ALWAYS_SEARCH_USER_PATHS = NO;
				CLANG_ANALYZER_NONNULL = YES;
				CLANG_ANALYZER_NUMBER_OBJECT_CONVERSION = YES_AGGRESSIVE;
				CLANG_CXX_LANGUAGE_STANDARD = "gnu++14";
				CLANG_CXX_LIBRARY = "libc++";
				CLANG_ENABLE_MODULES = YES;
				CLANG_ENABLE_OBJC_ARC = YES;
				CLANG_ENABLE_OBJC_WEAK = YES;
				CLANG_WARN_BLOCK_CAPTURE_AUTORELEASING = YES;
				CLANG_WARN_BOOL_CONVERSION = YES;
				CLANG_WARN_COMMA = YES;
				CLANG_WARN_CONSTANT_CONVERSION = YES;
				CLANG_WARN_DEPRECATED_OBJC_IMPLEMENTATIONS = YES;
				CLANG_WARN_DIRECT_OBJC_ISA_USAGE = YES_ERROR;
				CLANG_WARN_DOCUMENTATION_COMMENTS = YES;
				CLANG_WARN_EMPTY_BODY = YES;
				CLANG_WARN_ENUM_CONVERSION = YES;
				CLANG_WARN_INFINITE_RECURSION = YES;
				CLANG_WARN_INT_CONVERSION = YES;
				CLANG_WARN_NON_LITERAL_NULL_CONVERSION = YES;
				CLANG_WARN_OBJC_IMPLICIT_RETAIN_SELF = YES;
				CLANG_WARN_OBJC_LITERAL_CONVERSION = YES;
				CLANG_WARN_OBJC_ROOT_CLASS = YES_ERROR;
				CLANG_WARN_RANGE_LOOP_ANALYSIS = YES;
				CLANG_WARN_STRICT_PROTOTYPES = YES;
				CLANG_WARN_SUSPICIOUS_MOVE = YES;
				CLANG_WARN_UNGUARDED_AVAILABILITY = YES_AGGRESSIVE;
				CLANG_WARN_UNREACHABLE_CODE = YES;
				CLANG_WARN__DUPLICATE_METHOD_MATCH = YES;
				CODE_SIGN_IDENTITY = "iPhone Developer";
				COPY_PHASE_STRIP = NO;
				DEBUG_INFORMATION_FORMAT = "dwarf-with-dsym";
				ENABLE_NS_ASSERTIONS = NO;
				ENABLE_STRICT_OBJC_MSGSEND = YES;
				GCC_C_LANGUAGE_STANDARD = gnu11;
				GCC_NO_COMMON_BLOCKS = YES;
				GCC_WARN_64_TO_32_BIT_CONVERSION = YES;
				GCC_WARN_ABOUT_RETURN_TYPE = YES_ERROR;
				GCC_WARN_UNDECLARED_SELECTOR = YES;
				GCC_WARN_UNINITIALIZED_AUTOS = YES_AGGRESSIVE;
				GCC_WARN_UNUSED_FUNCTION = YES;
				GCC_WARN_UNUSED_VARIABLE = YES;
				IPHONEOS_DEPLOYMENT_TARGET = 9.0;
				MTL_ENABLE_DEBUG_INFO = NO;
				SDKROOT = iphoneos;
				SWIFT_COMPILATION_MODE = wholemodule;
				SWIFT_OPTIMIZATION_LEVEL = "-O";
				VALIDATE_PRODUCT = YES;
			};
			name = Release;
		};
		1817495D20E47E450056D7DA /* Debug */ = {
			isa = XCBuildConfiguration;
			buildSettings = {
				ASSETCATALOG_COMPILER_APPICON_NAME = AppIcon;
				CODE_SIGN_STYLE = Automatic;
				INFOPLIST_FILE = LPPhotoPickerControllerDemo/Info.plist;
				IPHONEOS_DEPLOYMENT_TARGET = 9.0;
				LD_RUNPATH_SEARCH_PATHS = (
					"$(inherited)",
					"@executable_path/Frameworks",
				);
				PRODUCT_BUNDLE_IDENTIFIER = com.lp.waowang.LPPhotoPickerControllerDemo;
				PRODUCT_NAME = "$(TARGET_NAME)";
				SWIFT_VERSION = 4.0;
				TARGETED_DEVICE_FAMILY = "1,2";
			};
			name = Debug;
		};
		1817495E20E47E450056D7DA /* Release */ = {
			isa = XCBuildConfiguration;
			buildSettings = {
				ASSETCATALOG_COMPILER_APPICON_NAME = AppIcon;
				CODE_SIGN_STYLE = Automatic;
				INFOPLIST_FILE = LPPhotoPickerControllerDemo/Info.plist;
				IPHONEOS_DEPLOYMENT_TARGET = 9.0;
				LD_RUNPATH_SEARCH_PATHS = (
					"$(inherited)",
					"@executable_path/Frameworks",
				);
				PRODUCT_BUNDLE_IDENTIFIER = com.lp.waowang.LPPhotoPickerControllerDemo;
				PRODUCT_NAME = "$(TARGET_NAME)";
				SWIFT_VERSION = 4.0;
				TARGETED_DEVICE_FAMILY = "1,2";
			};
			name = Release;
		};
/* End XCBuildConfiguration section */

/* Begin XCConfigurationList section */
		1817494520E47E440056D7DA /* Build configuration list for PBXProject "LPPhotoPickerControllerDemo" */ = {
			isa = XCConfigurationList;
			buildConfigurations = (
				1817495A20E47E450056D7DA /* Debug */,
				1817495B20E47E450056D7DA /* Release */,
			);
			defaultConfigurationIsVisible = 0;
			defaultConfigurationName = Release;
		};
		1817495C20E47E450056D7DA /* Build configuration list for PBXNativeTarget "LPPhotoPickerControllerDemo" */ = {
			isa = XCConfigurationList;
			buildConfigurations = (
				1817495D20E47E450056D7DA /* Debug */,
				1817495E20E47E450056D7DA /* Release */,
			);
			defaultConfigurationIsVisible = 0;
			defaultConfigurationName = Release;
		};
/* End XCConfigurationList section */
	};
	rootObject = 1817494220E47E440056D7DA /* Project object */;
}
